
Microsoft Visual Studio Solution File, Format Version 12.00
# Visual Studio 2012
Project("{FAE04EC0-301F-11D3-BF4B-00C04F79EFBC}") = "MLMS", "MLMS\MLMS.csproj", "{B17105E7-2235-4D2A-9F29-8A1AD5785AAB}"
EndProject
Project("{FAE04EC0-301F-11D3-BF4B-00C04F79EFBC}") = "MLMS.Data", "MLMS.Data\MLMS.Data.csproj", "{783AE2F3-E564-42E5-B68A-5887F1EEAC2E}"
EndProject
Project("{FAE04EC0-301F-11D3-BF4B-00C04F79EFBC}") = "MLMS.Objects", "MLMS.Objects\MLMS.Objects.csproj", "{19EABFF0-9AEA-4664-A421-3E6C738C9215}"
EndProject
Project("{FAE04EC0-301F-11D3-BF4B-00C04F79EFBC}") = "MLMS.Service", "MLMS.Service\MLMS.Service.csproj", "{749C4832-3AC7-4D2D-BBFD-42C9FD271BB5}"
EndProject
Project("{FAE04EC0-301F-11D3-BF4B-00C04F79EFBC}") = "MLMS.Common", "MLMS.Common\MLMS.Common.csproj", "{1B2A90EF-5F70-4395-B028-2390438E8E54}"
EndProject
Global
	GlobalSection(TeamFoundationVersionControl) = preSolution
		SccNumberOfProjects = 6
		SccEnterpriseProvider = {4CA58AB2-18FA-4F8D-95D4-32DDF27D184C}
		SccTeamFoundationServer = https://archonllc.visualstudio.com/defaultcollection
		SccLocalPath0 = .
		SccProjectUniqueName1 = MLMS\\MLMS.csproj
		SccProjectName1 = MLMS
		SccLocalPath1 = MLMS
		SccProjectUniqueName2 = MLMS.Data\\MLMS.Data.csproj
		SccProjectName2 = MLMS.Data
		SccLocalPath2 = MLMS.Data
		SccProjectUniqueName3 = MLMS.Objects\\MLMS.Objects.csproj
		SccProjectName3 = MLMS.Objects
		SccLocalPath3 = MLMS.Objects
		SccProjectUniqueName4 = MLMS.Service\\MLMS.Service.csproj
		SccProjectName4 = MLMS.Service
		SccLocalPath4 = MLMS.Service
		SccProjectUniqueName5 = MLMS.Common\\MLMS.Common.csproj
		SccProjectName5 = MLMS.Common
		SccLocalPath5 = MLMS.Common
	EndGlobalSection
	GlobalSection(SolutionConfigurationPlatforms) = preSolution
		Debug|Any CPU = Debug|Any CPU
		Release|Any CPU = Release|Any CPU
	EndGlobalSection
	GlobalSection(ProjectConfigurationPlatforms) = postSolution
		{B17105E7-2235-4D2A-9F29-8A1AD5785AAB}.Debug|Any CPU.ActiveCfg = Debug|Any CPU
		{B17105E7-2235-4D2A-9F29-8A1AD5785AAB}.Debug|Any CPU.Build.0 = Debug|Any CPU
		{B17105E7-2235-4D2A-9F29-8A1AD5785AAB}.Release|Any CPU.ActiveCfg = Release|Any CPU
		{B17105E7-2235-4D2A-9F29-8A1AD5785AAB}.Release|Any CPU.Build.0 = Release|Any CPU
		{783AE2F3-E564-42E5-B68A-5887F1EEAC2E}.Debug|Any CPU.ActiveCfg = Debug|Any CPU
		{783AE2F3-E564-42E5-B68A-5887F1EEAC2E}.Debug|Any CPU.Build.0 = Debug|Any CPU
		{783AE2F3-E564-42E5-B68A-5887F1EEAC2E}.Release|Any CPU.ActiveCfg = Release|Any CPU
		{783AE2F3-E564-42E5-B68A-5887F1EEAC2E}.Release|Any CPU.Build.0 = Release|Any CPU
		{19EABFF0-9AEA-4664-A421-3E6C738C9215}.Debug|Any CPU.ActiveCfg = Debug|Any CPU
		{19EABFF0-9AEA-4664-A421-3E6C738C9215}.Debug|Any CPU.Build.0 = Debug|Any CPU
		{19EABFF0-9AEA-4664-A421-3E6C738C9215}.Release|Any CPU.ActiveCfg = Release|Any CPU
		{19EABFF0-9AEA-4664-A421-3E6C738C9215}.Release|Any CPU.Build.0 = Release|Any CPU
		{749C4832-3AC7-4D2D-BBFD-42C9FD271BB5}.Debug|Any CPU.ActiveCfg = Debug|Any CPU
		{749C4832-3AC7-4D2D-BBFD-42C9FD271BB5}.Debug|Any CPU.Build.0 = Debug|Any CPU
		{749C4832-3AC7-4D2D-BBFD-42C9FD271BB5}.Release|Any CPU.ActiveCfg = Release|Any CPU
		{749C4832-3AC7-4D2D-BBFD-42C9FD271BB5}.Release|Any CPU.Build.0 = Release|Any CPU
		{1B2A90EF-5F70-4395-B028-2390438E8E54}.Debug|Any CPU.ActiveCfg = Debug|Any CPU
		{1B2A90EF-5F70-4395-B028-2390438E8E54}.Debug|Any CPU.Build.0 = Debug|Any CPU
		{1B2A90EF-5F70-4395-B028-2390438E8E54}.Release|Any CPU.ActiveCfg = Release|Any CPU
		{1B2A90EF-5F70-4395-B028-2390438E8E54}.Release|Any CPU.Build.0 = Release|Any CPU
	EndGlobalSection
	GlobalSection(SolutionProperties) = preSolution
		HideSolutionNode = FALSE
	EndGlobalSection
EndGlobal
